
Microsoft Visual Studio Solution File, Format Version 12.00
# Visual Studio Version 17
VisualStudioVersion = 17.4.33103.184
MinimumVisualStudioVersion = 10.0.40219.1
Project("{9A19103F-16F7-4668-BE54-9A1E7A4F7556}") = "boilersE2E.Core", "boilersE2E\boilersE2E.Core.csproj", "{3C53F65D-F3D9-4AC9-8AF1-7CBED35E70DB}"
EndProject
Project("{2150E333-8FDC-42A3-9474-1A3956D46DE8}") = "ソリューション項目", "ソリューション項目", "{B2D7964C-02C6-453B-B780-288A546DDE49}"
	ProjectSection(SolutionItems) = preProject
		azure-pipelines.yml = azure-pipelines.yml
		LICENSE = LICENSE
		README.md = README.md
	EndProjectSection
EndProject
Project("{FAE04EC0-301F-11D3-BF4B-00C04F79EFBC}") = "WindowsFormsApp", "WindowsFormsApp\WindowsFormsApp.csproj", "{54AB59E7-FD12-4A25-9AA1-CEF02AE7E57F}"
EndProject
Project("{9A19103F-16F7-4668-BE54-9A1E7A4F7556}") = "WPFApp", "WPFApp\WPFApp.csproj", "{04595711-163D-4D7F-8DF3-77A98E2BAB54}"
EndProject
Project("{FAE04EC0-301F-11D3-BF4B-00C04F79EFBC}") = "boilersE2E.NUnit", "boilersE2E.NUnit\boilersE2E.NUnit.csproj", "{C336B63C-F2F1-4346-B700-C8EF05F755C3}"
EndProject
Project("{FAE04EC0-301F-11D3-BF4B-00C04F79EFBC}") = "boilersE2E.xUnit", "boilersE2E.xUnit\boilersE2E.xUnit.csproj", "{0919C0FD-D805-4E5B-B9D3-4A6E1FDA8E07}"
EndProject
Project("{FAE04EC0-301F-11D3-BF4B-00C04F79EFBC}") = "boilersE2E.xUnit.Test", "boilersE2E.xUnit.Test\boilersE2E.xUnit.Test.csproj", "{814305AF-8AD8-4FED-A788-11CBC2A0E8DC}"
EndProject
Project("{9A19103F-16F7-4668-BE54-9A1E7A4F7556}") = "boilersE2E.NUnit.Test", "boilersE2E.NUnit.Test\boilersE2E.NUnit.Test.csproj", "{E10B66C1-492E-4079-BBDA-50AC0725C8D2}"
EndProject
Global
	GlobalSection(SolutionConfigurationPlatforms) = preSolution
		Debug|Any CPU = Debug|Any CPU
		Release|Any CPU = Release|Any CPU
	EndGlobalSection
	GlobalSection(ProjectConfigurationPlatforms) = postSolution
		{3C53F65D-F3D9-4AC9-8AF1-7CBED35E70DB}.Debug|Any CPU.ActiveCfg = Debug|Any CPU
		{3C53F65D-F3D9-4AC9-8AF1-7CBED35E70DB}.Debug|Any CPU.Build.0 = Debug|Any CPU
		{3C53F65D-F3D9-4AC9-8AF1-7CBED35E70DB}.Release|Any CPU.ActiveCfg = Release|Any CPU
		{3C53F65D-F3D9-4AC9-8AF1-7CBED35E70DB}.Release|Any CPU.Build.0 = Release|Any CPU
		{54AB59E7-FD12-4A25-9AA1-CEF02AE7E57F}.Debug|Any CPU.ActiveCfg = Debug|Any CPU
		{54AB59E7-FD12-4A25-9AA1-CEF02AE7E57F}.Debug|Any CPU.Build.0 = Debug|Any CPU
		{54AB59E7-FD12-4A25-9AA1-CEF02AE7E57F}.Release|Any CPU.ActiveCfg = Release|Any CPU
		{54AB59E7-FD12-4A25-9AA1-CEF02AE7E57F}.Release|Any CPU.Build.0 = Release|Any CPU
		{04595711-163D-4D7F-8DF3-77A98E2BAB54}.Debug|Any CPU.ActiveCfg = Debug|Any CPU
		{04595711-163D-4D7F-8DF3-77A98E2BAB54}.Debug|Any CPU.Build.0 = Debug|Any CPU
		{04595711-163D-4D7F-8DF3-77A98E2BAB54}.Release|Any CPU.ActiveCfg = Release|Any CPU
		{04595711-163D-4D7F-8DF3-77A98E2BAB54}.Release|Any CPU.Build.0 = Release|Any CPU
		{C336B63C-F2F1-4346-B700-C8EF05F755C3}.Debug|Any CPU.ActiveCfg = Debug|Any CPU
		{C336B63C-F2F1-4346-B700-C8EF05F755C3}.Debug|Any CPU.Build.0 = Debug|Any CPU
		{C336B63C-F2F1-4346-B700-C8EF05F755C3}.Release|Any CPU.ActiveCfg = Release|Any CPU
		{C336B63C-F2F1-4346-B700-C8EF05F755C3}.Release|Any CPU.Build.0 = Release|Any CPU
		{0919C0FD-D805-4E5B-B9D3-4A6E1FDA8E07}.Debug|Any CPU.ActiveCfg = Debug|Any CPU
		{0919C0FD-D805-4E5B-B9D3-4A6E1FDA8E07}.Debug|Any CPU.Build.0 = Debug|Any CPU
		{0919C0FD-D805-4E5B-B9D3-4A6E1FDA8E07}.Release|Any CPU.ActiveCfg = Release|Any CPU
		{0919C0FD-D805-4E5B-B9D3-4A6E1FDA8E07}.Release|Any CPU.Build.0 = Release|Any CPU
		{814305AF-8AD8-4FED-A788-11CBC2A0E8DC}.Debug|Any CPU.ActiveCfg = Debug|Any CPU
		{814305AF-8AD8-4FED-A788-11CBC2A0E8DC}.Debug|Any CPU.Build.0 = Debug|Any CPU
		{814305AF-8AD8-4FED-A788-11CBC2A0E8DC}.Release|Any CPU.ActiveCfg = Release|Any CPU
		{814305AF-8AD8-4FED-A788-11CBC2A0E8DC}.Release|Any CPU.Build.0 = Release|Any CPU
		{E10B66C1-492E-4079-BBDA-50AC0725C8D2}.Debug|Any CPU.ActiveCfg = Debug|Any CPU
		{E10B66C1-492E-4079-BBDA-50AC0725C8D2}.Debug|Any CPU.Build.0 = Debug|Any CPU
		{E10B66C1-492E-4079-BBDA-50AC0725C8D2}.Release|Any CPU.ActiveCfg = Release|Any CPU
		{E10B66C1-492E-4079-BBDA-50AC0725C8D2}.Release|Any CPU.Build.0 = Release|Any CPU
	EndGlobalSection
	GlobalSection(SolutionProperties) = preSolution
		HideSolutionNode = FALSE
	EndGlobalSection
	GlobalSection(ExtensibilityGlobals) = postSolution
		SolutionGuid = {A39CE77E-79B3-4E61-B456-08728BF54523}
	EndGlobalSection
EndGlobal
